
Microsoft Visual Studio Solution File, Format Version 12.00
# Visual Studio 14
VisualStudioVersion = 14.0.25420.1
MinimumVisualStudioVersion = 10.0.40219.1
Project("{F2A71F9B-5D33-465A-A702-920D77279786}") = "PipelineMsgQueue", "Pipelining\PipelineMsgQueue.fsproj", "{8D7B4A0E-0848-42F3-B706-D304EA1D469E}"
EndProject
Project("{2150E333-8FDC-42A3-9474-1A3956D46DE8}") = "Tests", "Tests", "{E3341713-307E-4577-8845-045DEC1E2AB1}"
EndProject
Project("{F2A71F9B-5D33-465A-A702-920D77279786}") = "Pipelining.Tests", "Pipelining.Tests\Pipelining.Tests.fsproj", "{D3506E4E-AEB6-44DF-ADFE-62CEE5CABE8F}"
EndProject
Project("{F2A71F9B-5D33-465A-A702-920D77279786}") = "RabbitMQMsqQueue", "RabbitMQMsqQueue\RabbitMQMsqQueue.fsproj", "{5A17FDCC-0AE4-4A30-92F9-A4D07F9EC4E4}"
EndProject
Project("{F2A71F9B-5D33-465A-A702-920D77279786}") = "Messaging.Queueing", "Messaging.Queueing\Messaging.Queueing.fsproj", "{D633ED6D-E678-4C1D-A868-E5C6C92D79D6}"
EndProject
Project("{F2A71F9B-5D33-465A-A702-920D77279786}") = "Message.TestClient", "Message.TestClient\Message.TestClient.fsproj", "{F4D5EAFF-DBC5-4F99-94F1-C19C010EFB62}"
EndProject
Global
	GlobalSection(SolutionConfigurationPlatforms) = preSolution
		Debug|Any CPU = Debug|Any CPU
		Release|Any CPU = Release|Any CPU
	EndGlobalSection
	GlobalSection(ProjectConfigurationPlatforms) = postSolution
		{8D7B4A0E-0848-42F3-B706-D304EA1D469E}.Debug|Any CPU.ActiveCfg = Debug|Any CPU
		{8D7B4A0E-0848-42F3-B706-D304EA1D469E}.Debug|Any CPU.Build.0 = Debug|Any CPU
		{8D7B4A0E-0848-42F3-B706-D304EA1D469E}.Release|Any CPU.ActiveCfg = Release|Any CPU
		{8D7B4A0E-0848-42F3-B706-D304EA1D469E}.Release|Any CPU.Build.0 = Release|Any CPU
		{D3506E4E-AEB6-44DF-ADFE-62CEE5CABE8F}.Debug|Any CPU.ActiveCfg = Debug|Any CPU
		{D3506E4E-AEB6-44DF-ADFE-62CEE5CABE8F}.Debug|Any CPU.Build.0 = Debug|Any CPU
		{D3506E4E-AEB6-44DF-ADFE-62CEE5CABE8F}.Release|Any CPU.ActiveCfg = Release|Any CPU
		{D3506E4E-AEB6-44DF-ADFE-62CEE5CABE8F}.Release|Any CPU.Build.0 = Release|Any CPU
		{5A17FDCC-0AE4-4A30-92F9-A4D07F9EC4E4}.Debug|Any CPU.ActiveCfg = Debug|Any CPU
		{5A17FDCC-0AE4-4A30-92F9-A4D07F9EC4E4}.Debug|Any CPU.Build.0 = Debug|Any CPU
		{5A17FDCC-0AE4-4A30-92F9-A4D07F9EC4E4}.Release|Any CPU.ActiveCfg = Release|Any CPU
		{5A17FDCC-0AE4-4A30-92F9-A4D07F9EC4E4}.Release|Any CPU.Build.0 = Release|Any CPU
		{D633ED6D-E678-4C1D-A868-E5C6C92D79D6}.Debug|Any CPU.ActiveCfg = Debug|Any CPU
		{D633ED6D-E678-4C1D-A868-E5C6C92D79D6}.Debug|Any CPU.Build.0 = Debug|Any CPU
		{D633ED6D-E678-4C1D-A868-E5C6C92D79D6}.Release|Any CPU.ActiveCfg = Release|Any CPU
		{D633ED6D-E678-4C1D-A868-E5C6C92D79D6}.Release|Any CPU.Build.0 = Release|Any CPU
		{F4D5EAFF-DBC5-4F99-94F1-C19C010EFB62}.Debug|Any CPU.ActiveCfg = Debug|Any CPU
		{F4D5EAFF-DBC5-4F99-94F1-C19C010EFB62}.Debug|Any CPU.Build.0 = Debug|Any CPU
		{F4D5EAFF-DBC5-4F99-94F1-C19C010EFB62}.Release|Any CPU.ActiveCfg = Release|Any CPU
		{F4D5EAFF-DBC5-4F99-94F1-C19C010EFB62}.Release|Any CPU.Build.0 = Release|Any CPU
	EndGlobalSection
	GlobalSection(SolutionProperties) = preSolution
		HideSolutionNode = FALSE
	EndGlobalSection
	GlobalSection(NestedProjects) = preSolution
		{D3506E4E-AEB6-44DF-ADFE-62CEE5CABE8F} = {E3341713-307E-4577-8845-045DEC1E2AB1}
	EndGlobalSection
EndGlobal
